{
    "version": 3,
    "terraform_version": "0.11.11",
    "serial": 26,
    "lineage": "b6826f84-cd45-11c0-d878-f5578f9ca893",
    "modules": [
        {
            "path": [
                "root"
            ],
            "outputs": {
                "load_balancer_external_ip": {
                    "sensitive": false,
                    "type": "string",
                    "value": "34.73.155.199"
                }
            },
            "resources": {
                "data.google_compute_image.debian_9": {
                    "type": "google_compute_image",
                    "depends_on": [],
                    "primary": {
                        "id": "debian-cloud/family/debian-9",
                        "attributes": {
                            "archive_size_bytes": "10626751680",
                            "creation_timestamp": "2019-03-27T10:04:47.477-07:00",
                            "description": "Debian, Debian GNU/Linux, 9 (stretch), amd64 built on 20190326",
                            "disk_size_gb": "10",
                            "family": "debian-9",
                            "id": "debian-cloud/family/debian-9",
                            "image_encryption_key_sha256": "",
                            "image_id": "6831652533131678657",
                            "label_fingerprint": "42WmSpB8rSM=",
                            "labels.%": "0",
                            "licenses.#": "1",
                            "licenses.0": "https://www.googleapis.com/compute/v1/projects/debian-cloud/global/licenses/debian-9-stretch",
                            "name": "debian-9-stretch-v20190326",
                            "project": "debian-cloud",
                            "self_link": "https://www.googleapis.com/compute/v1/projects/debian-cloud/global/images/debian-9-stretch-v20190326",
                            "source_disk": "",
                            "source_disk_encryption_key_sha256": "",
                            "source_disk_id": "",
                            "source_image_id": "",
                            "status": "READY"
                        },
                        "meta": {},
                        "tainted": false
                    },
                    "deposed": [],
                    "provider": "provider.google"
                }
            },
            "depends_on": []
        },
        {
            "path": [
                "root",
                "dev-autoscaler"
            ],
            "outputs": {
                "load_balancer_external_ip": {
                    "sensitive": false,
                    "type": "string",
                    "value": "34.73.155.199"
                },
                "target_pool": {
                    "sensitive": false,
                    "type": "string",
                    "value": "https://www.googleapis.com/compute/v1/projects/fervartel-test-project/regions/us-east1/targetPools/tf-target-pool"
                }
            },
            "resources": {
                "data.google_compute_image.debian_9": {
                    "type": "google_compute_image",
                    "depends_on": [],
                    "primary": {
                        "id": "debian-cloud/family/debian-9",
                        "attributes": {
                            "archive_size_bytes": "10626751680",
                            "creation_timestamp": "2019-03-27T10:04:47.477-07:00",
                            "description": "Debian, Debian GNU/Linux, 9 (stretch), amd64 built on 20190326",
                            "disk_size_gb": "10",
                            "family": "debian-9",
                            "id": "debian-cloud/family/debian-9",
                            "image_encryption_key_sha256": "",
                            "image_id": "6831652533131678657",
                            "label_fingerprint": "42WmSpB8rSM=",
                            "labels.%": "0",
                            "licenses.#": "1",
                            "licenses.0": "https://www.googleapis.com/compute/v1/projects/debian-cloud/global/licenses/debian-9-stretch",
                            "name": "debian-9-stretch-v20190326",
                            "project": "debian-cloud",
                            "self_link": "https://www.googleapis.com/compute/v1/projects/debian-cloud/global/images/debian-9-stretch-v20190326",
                            "source_disk": "",
                            "source_disk_encryption_key_sha256": "",
                            "source_disk_id": "",
                            "source_image_id": "",
                            "status": "READY"
                        },
                        "meta": {},
                        "tainted": false
                    },
                    "deposed": [],
                    "provider": "provider.google"
                },
                "google_compute_autoscaler.main": {
                    "type": "google_compute_autoscaler",
                    "depends_on": [
                        "google_compute_region_instance_group_manager.main"
                    ],
                    "primary": {
                        "id": "us-east1-c/tf-autoscaler",
                        "attributes": {
                            "autoscaling_policy.#": "1",
                            "autoscaling_policy.0.cooldown_period": "60",
                            "autoscaling_policy.0.cpu_utilization.#": "1",
                            "autoscaling_policy.0.cpu_utilization.0.target": "0.5",
                            "autoscaling_policy.0.load_balancing_utilization.#": "0",
                            "autoscaling_policy.0.max_replicas": "4",
                            "autoscaling_policy.0.metric.#": "0",
                            "autoscaling_policy.0.min_replicas": "2",
                            "creation_timestamp": "2019-04-23T12:17:22.075-07:00",
                            "description": "",
                            "id": "us-east1-c/tf-autoscaler",
                            "name": "tf-autoscaler",
                            "project": "fervartel-test-project",
                            "self_link": "https://www.googleapis.com/compute/v1/projects/fervartel-test-project/zones/us-east1-c/autoscalers/tf-autoscaler",
                            "target": "https://www.googleapis.com/compute/v1/projects/fervartel-test-project/zones/us-east1-c/instanceGroupManagers/tf-igm",
                            "zone": "https://www.googleapis.com/compute/v1/projects/fervartel-test-project/zones/us-east1-c"
                        },
                        "meta": {
                            "e2bfb730-ecaa-11e6-8f88-34363bc7c4c0": {
                                "create": 240000000000,
                                "delete": 240000000000,
                                "update": 240000000000
                            }
                        },
                        "tainted": false
                    },
                    "deposed": [],
                    "provider": "provider.google"
                },
                "google_compute_forwarding_rule.default": {
                    "type": "google_compute_forwarding_rule",
                    "depends_on": [
                        "google_compute_target_pool.main"
                    ],
                    "primary": {
                        "id": "tf-forwarding-rule",
                        "attributes": {
                            "all_ports": "false",
                            "backend_service": "",
                            "creation_timestamp": "2019-04-23T12:16:18.720-07:00",
                            "description": "",
                            "id": "tf-forwarding-rule",
                            "ip_address": "34.73.155.199",
                            "ip_protocol": "TCP",
                            "ip_version": "",
                            "load_balancing_scheme": "EXTERNAL",
                            "name": "tf-forwarding-rule",
                            "network": "",
                            "network_tier": "PREMIUM",
                            "port_range": "80-80",
                            "ports.#": "0",
                            "project": "fervartel-test-project",
                            "region": "us-east1",
                            "self_link": "https://www.googleapis.com/compute/v1/projects/fervartel-test-project/regions/us-east1/forwardingRules/tf-forwarding-rule",
                            "service_label": "",
                            "service_name": "",
                            "subnetwork": "",
                            "target": "https://www.googleapis.com/compute/v1/projects/fervartel-test-project/regions/us-east1/targetPools/tf-target-pool"
                        },
                        "meta": {
                            "e2bfb730-ecaa-11e6-8f88-34363bc7c4c0": {
                                "create": 240000000000,
                                "delete": 240000000000,
                                "update": 240000000000
                            }
                        },
                        "tainted": false
                    },
                    "deposed": [],
                    "provider": "provider.google"
                },
                "google_compute_http_health_check.default": {
                    "type": "google_compute_http_health_check",
                    "depends_on": [],
                    "primary": {
                        "id": "tf-healthcheck",
                        "attributes": {
                            "check_interval_sec": "5",
                            "creation_timestamp": "2019-04-23T12:16:07.067-07:00",
                            "description": "",
                            "healthy_threshold": "2",
                            "host": "",
                            "id": "tf-healthcheck",
                            "name": "tf-healthcheck",
                            "port": "80",
                            "project": "fervartel-test-project",
                            "request_path": "/",
                            "self_link": "https://www.googleapis.com/compute/v1/projects/fervartel-test-project/global/httpHealthChecks/tf-healthcheck",
                            "timeout_sec": "5",
                            "unhealthy_threshold": "2"
                        },
                        "meta": {
                            "e2bfb730-ecaa-11e6-8f88-34363bc7c4c0": {
                                "create": 240000000000,
                                "delete": 240000000000,
                                "update": 240000000000
                            }
                        },
                        "tainted": false
                    },
                    "deposed": [],
                    "provider": "provider.google"
                },
                "google_compute_instance_template.main": {
                    "type": "google_compute_instance_template",
                    "depends_on": [
                        "data.google_compute_image.debian_9"
                    ],
                    "primary": {
                        "id": "tf-vm-template",
                        "attributes": {
                            "can_ip_forward": "false",
                            "description": "",
                            "disk.#": "1",
                            "disk.0.auto_delete": "true",
                            "disk.0.boot": "true",
                            "disk.0.device_name": "persistent-disk-0",
                            "disk.0.disk_encryption_key.#": "0",
                            "disk.0.disk_name": "",
                            "disk.0.disk_size_gb": "0",
                            "disk.0.disk_type": "pd-standard",
                            "disk.0.interface": "SCSI",
                            "disk.0.mode": "READ_WRITE",
                            "disk.0.source": "",
                            "disk.0.source_image": "projects/debian-cloud/global/images/debian-9-stretch-v20190326",
                            "disk.0.type": "PERSISTENT",
                            "id": "tf-vm-template",
                            "instance_description": "",
                            "machine_type": "f1-micro",
                            "metadata.%": "0",
                            "metadata_fingerprint": "uqba880hSTY=",
                            "metadata_startup_script": "    sudo apt-get -y update\n    sudo apt-get -y dist-upgrade\n    sudo apt-get -y install nginx\n    ",
                            "min_cpu_platform": "",
                            "name": "tf-vm-template",
                            "network_interface.#": "1",
                            "network_interface.0.access_config.#": "1",
                            "network_interface.0.access_config.0.assigned_nat_ip": "",
                            "network_interface.0.access_config.0.nat_ip": "",
                            "network_interface.0.access_config.0.network_tier": "PREMIUM",
                            "network_interface.0.address": "",
                            "network_interface.0.alias_ip_range.#": "0",
                            "network_interface.0.network": "https://www.googleapis.com/compute/v1/projects/fervartel-test-project/global/networks/tf-vpc",
                            "network_interface.0.network_ip": "",
                            "network_interface.0.subnetwork": "https://www.googleapis.com/compute/v1/projects/fervartel-test-project/regions/us-east1/subnetworks/tf-sn-1",
                            "network_interface.0.subnetwork_project": "fervartel-test-project",
                            "project": "fervartel-test-project",
                            "region": "us-east1",
                            "scheduling.#": "1",
                            "scheduling.0.automatic_restart": "true",
                            "scheduling.0.on_host_maintenance": "MIGRATE",
                            "scheduling.0.preemptible": "false",
                            "self_link": "https://www.googleapis.com/compute/beta/projects/fervartel-test-project/global/instanceTemplates/tf-vm-template",
                            "tags.#": "0",
                            "tags_fingerprint": ""
                        },
                        "meta": {
                            "schema_version": "1"
                        },
                        "tainted": false
                    },
                    "deposed": [],
                    "provider": "provider.google"
                },
                "google_compute_region_instance_group_manager.main": {
                    "type": "google_compute_region_instance_group_manager",
                    "depends_on": [
                        "google_compute_instance_template.main",
                        "google_compute_target_pool.main"
                    ],
                    "primary": {
                        "id": "fervartel-test-project/us-east1/tf-igm",
                        "attributes": {
                            "base_instance_name": "tf-vm",
                            "description": "",
                            "distribution_policy_zones.#": "2",
                            "distribution_policy_zones.1474481245": "us-east1-d",
                            "distribution_policy_zones.3381025278": "us-east1-c",
                            "fingerprint": "nWGZwJyDyaI=",
                            "id": "fervartel-test-project/us-east1/tf-igm",
                            "instance_group": "https://www.googleapis.com/compute/v1/projects/fervartel-test-project/regions/us-east1/instanceGroups/tf-igm",
                            "instance_template": "https://www.googleapis.com/compute/v1/projects/fervartel-test-project/global/instanceTemplates/tf-vm-template",
                            "name": "tf-igm",
                            "named_port.#": "0",
                            "project": "fervartel-test-project",
                            "region": "us-east1",
                            "rolling_update_policy.#": "0",
                            "self_link": "https://www.googleapis.com/compute/v1/projects/fervartel-test-project/regions/us-east1/instanceGroupManagers/tf-igm",
                            "target_pools.#": "1",
                            "target_pools.475694045": "https://www.googleapis.com/compute/v1/projects/fervartel-test-project/regions/us-east1/targetPools/tf-target-pool",
                            "target_size": "0",
                            "version.#": "0",
                            "wait_for_instances": "false"
                        },
                        "meta": {
                            "e2bfb730-ecaa-11e6-8f88-34363bc7c4c0": {
                                "create": 300000000000,
                                "delete": 900000000000,
                                "update": 300000000000
                            }
                        },
                        "tainted": false
                    },
                    "deposed": [],
                    "provider": "provider.google"
                },
                "google_compute_target_pool.main": {
                    "type": "google_compute_target_pool",
                    "depends_on": [
                        "google_compute_http_health_check.default"
                    ],
                    "primary": {
                        "id": "tf-target-pool",
                        "attributes": {
                            "backup_pool": "",
                            "description": "",
                            "failover_ratio": "0",
                            "health_checks.#": "1",
                            "health_checks.0": "https://www.googleapis.com/compute/v1/projects/fervartel-test-project/global/httpHealthChecks/tf-healthcheck",
                            "id": "tf-target-pool",
                            "instances.#": "0",
                            "name": "tf-target-pool",
                            "project": "fervartel-test-project",
                            "region": "us-east1",
                            "self_link": "https://www.googleapis.com/compute/v1/projects/fervartel-test-project/regions/us-east1/targetPools/tf-target-pool",
                            "session_affinity": "NONE"
                        },
                        "meta": {},
                        "tainted": false
                    },
                    "deposed": [],
                    "provider": "provider.google"
                }
            },
            "depends_on": []
        },
        {
            "path": [
                "root",
                "dev-vpc"
            ],
            "outputs": {
                "subnets_self_links": {
                    "sensitive": false,
                    "type": "list",
                    "value": [
                        "https://www.googleapis.com/compute/v1/projects/fervartel-test-project/regions/us-east1/subnetworks/tf-sn-1",
                        "https://www.googleapis.com/compute/v1/projects/fervartel-test-project/regions/us-east1/subnetworks/tf-sn-2"
                    ]
                },
                "vpc_self_link": {
                    "sensitive": false,
                    "type": "string",
                    "value": "https://www.googleapis.com/compute/v1/projects/fervartel-test-project/global/networks/tf-vpc"
                }
            },
            "resources": {
                "google_compute_firewall.http": {
                    "type": "google_compute_firewall",
                    "depends_on": [
                        "google_compute_network.vpc"
                    ],
                    "primary": {
                        "id": "tf-allow-http",
                        "attributes": {
                            "allow.#": "1",
                            "allow.272637744.ports.#": "1",
                            "allow.272637744.ports.0": "80",
                            "allow.272637744.protocol": "tcp",
                            "creation_timestamp": "2019-04-23T12:16:33.695-07:00",
                            "deny.#": "0",
                            "description": "",
                            "destination_ranges.#": "0",
                            "direction": "INGRESS",
                            "disabled": "false",
                            "id": "tf-allow-http",
                            "name": "tf-allow-http",
                            "network": "https://www.googleapis.com/compute/v1/projects/fervartel-test-project/global/networks/tf-vpc",
                            "priority": "1000",
                            "project": "fervartel-test-project",
                            "self_link": "https://www.googleapis.com/compute/v1/projects/fervartel-test-project/global/firewalls/tf-allow-http",
                            "source_ranges.#": "1",
                            "source_ranges.1080289494": "0.0.0.0/0",
                            "source_service_accounts.#": "0",
                            "source_tags.#": "0",
                            "target_service_accounts.#": "0",
                            "target_tags.#": "0"
                        },
                        "meta": {
                            "e2bfb730-ecaa-11e6-8f88-34363bc7c4c0": {
                                "create": 240000000000,
                                "delete": 240000000000,
                                "update": 240000000000
                            },
                            "schema_version": "1"
                        },
                        "tainted": false
                    },
                    "deposed": [],
                    "provider": "provider.google"
                },
                "google_compute_firewall.icmp": {
                    "type": "google_compute_firewall",
                    "depends_on": [
                        "google_compute_network.vpc"
                    ],
                    "primary": {
                        "id": "tf-allow-icmp",
                        "attributes": {
                            "allow.#": "1",
                            "allow.1367131964.ports.#": "0",
                            "allow.1367131964.protocol": "icmp",
                            "creation_timestamp": "2019-04-23T12:16:33.554-07:00",
                            "deny.#": "0",
                            "description": "",
                            "destination_ranges.#": "0",
                            "direction": "INGRESS",
                            "disabled": "false",
                            "id": "tf-allow-icmp",
                            "name": "tf-allow-icmp",
                            "network": "https://www.googleapis.com/compute/v1/projects/fervartel-test-project/global/networks/tf-vpc",
                            "priority": "65534",
                            "project": "fervartel-test-project",
                            "self_link": "https://www.googleapis.com/compute/v1/projects/fervartel-test-project/global/firewalls/tf-allow-icmp",
                            "source_ranges.#": "1",
                            "source_ranges.1080289494": "0.0.0.0/0",
                            "source_service_accounts.#": "0",
                            "source_tags.#": "0",
                            "target_service_accounts.#": "0",
                            "target_tags.#": "0"
                        },
                        "meta": {
                            "e2bfb730-ecaa-11e6-8f88-34363bc7c4c0": {
                                "create": 240000000000,
                                "delete": 240000000000,
                                "update": 240000000000
                            },
                            "schema_version": "1"
                        },
                        "tainted": false
                    },
                    "deposed": [],
                    "provider": "provider.google"
                },
                "google_compute_firewall.internal": {
                    "type": "google_compute_firewall",
                    "depends_on": [
                        "google_compute_network.vpc"
                    ],
                    "primary": {
                        "id": "tf-allow-internal",
                        "attributes": {
                            "allow.#": "3",
                            "allow.1367131964.ports.#": "0",
                            "allow.1367131964.protocol": "icmp",
                            "allow.2250996047.ports.#": "1",
                            "allow.2250996047.ports.0": "0-65535",
                            "allow.2250996047.protocol": "tcp",
                            "allow.884285603.ports.#": "1",
                            "allow.884285603.ports.0": "0-65535",
                            "allow.884285603.protocol": "udp",
                            "creation_timestamp": "2019-04-23T12:16:33.847-07:00",
                            "deny.#": "0",
                            "description": "",
                            "destination_ranges.#": "0",
                            "direction": "INGRESS",
                            "disabled": "false",
                            "id": "tf-allow-internal",
                            "name": "tf-allow-internal",
                            "network": "https://www.googleapis.com/compute/v1/projects/fervartel-test-project/global/networks/tf-vpc",
                            "priority": "65534",
                            "project": "fervartel-test-project",
                            "self_link": "https://www.googleapis.com/compute/v1/projects/fervartel-test-project/global/firewalls/tf-allow-internal",
                            "source_ranges.#": "1",
                            "source_ranges.766747311": "192.168.0.0/24",
                            "source_service_accounts.#": "0",
                            "source_tags.#": "0",
                            "target_service_accounts.#": "0",
                            "target_tags.#": "0"
                        },
                        "meta": {
                            "e2bfb730-ecaa-11e6-8f88-34363bc7c4c0": {
                                "create": 240000000000,
                                "delete": 240000000000,
                                "update": 240000000000
                            },
                            "schema_version": "1"
                        },
                        "tainted": false
                    },
                    "deposed": [],
                    "provider": "provider.google"
                },
                "google_compute_firewall.rdp": {
                    "type": "google_compute_firewall",
                    "depends_on": [
                        "google_compute_network.vpc"
                    ],
                    "primary": {
                        "id": "tf--allow-rdp",
                        "attributes": {
                            "allow.#": "1",
                            "allow.658773778.ports.#": "1",
                            "allow.658773778.ports.0": "3389",
                            "allow.658773778.protocol": "tcp",
                            "creation_timestamp": "2019-04-23T12:16:33.529-07:00",
                            "deny.#": "0",
                            "description": "",
                            "destination_ranges.#": "0",
                            "direction": "INGRESS",
                            "disabled": "false",
                            "id": "tf--allow-rdp",
                            "name": "tf--allow-rdp",
                            "network": "https://www.googleapis.com/compute/v1/projects/fervartel-test-project/global/networks/tf-vpc",
                            "priority": "65534",
                            "project": "fervartel-test-project",
                            "self_link": "https://www.googleapis.com/compute/v1/projects/fervartel-test-project/global/firewalls/tf--allow-rdp",
                            "source_ranges.#": "1",
                            "source_ranges.1080289494": "0.0.0.0/0",
                            "source_service_accounts.#": "0",
                            "source_tags.#": "0",
                            "target_service_accounts.#": "0",
                            "target_tags.#": "0"
                        },
                        "meta": {
                            "e2bfb730-ecaa-11e6-8f88-34363bc7c4c0": {
                                "create": 240000000000,
                                "delete": 240000000000,
                                "update": 240000000000
                            },
                            "schema_version": "1"
                        },
                        "tainted": false
                    },
                    "deposed": [],
                    "provider": "provider.google"
                },
                "google_compute_firewall.ssh": {
                    "type": "google_compute_firewall",
                    "depends_on": [
                        "google_compute_network.vpc"
                    ],
                    "primary": {
                        "id": "tf-allow-ssh",
                        "attributes": {
                            "allow.#": "1",
                            "allow.803338340.ports.#": "1",
                            "allow.803338340.ports.0": "22",
                            "allow.803338340.protocol": "tcp",
                            "creation_timestamp": "2019-04-23T12:16:33.822-07:00",
                            "deny.#": "0",
                            "description": "",
                            "destination_ranges.#": "0",
                            "direction": "INGRESS",
                            "disabled": "false",
                            "id": "tf-allow-ssh",
                            "name": "tf-allow-ssh",
                            "network": "https://www.googleapis.com/compute/v1/projects/fervartel-test-project/global/networks/tf-vpc",
                            "priority": "65534",
                            "project": "fervartel-test-project",
                            "self_link": "https://www.googleapis.com/compute/v1/projects/fervartel-test-project/global/firewalls/tf-allow-ssh",
                            "source_ranges.#": "1",
                            "source_ranges.1080289494": "0.0.0.0/0",
                            "source_service_accounts.#": "0",
                            "source_tags.#": "0",
                            "target_service_accounts.#": "0",
                            "target_tags.#": "0"
                        },
                        "meta": {
                            "e2bfb730-ecaa-11e6-8f88-34363bc7c4c0": {
                                "create": 240000000000,
                                "delete": 240000000000,
                                "update": 240000000000
                            },
                            "schema_version": "1"
                        },
                        "tainted": false
                    },
                    "deposed": [],
                    "provider": "provider.google"
                },
                "google_compute_network.vpc": {
                    "type": "google_compute_network",
                    "depends_on": [],
                    "primary": {
                        "id": "tf-vpc",
                        "attributes": {
                            "auto_create_subnetworks": "false",
                            "delete_default_routes_on_create": "false",
                            "description": "",
                            "gateway_ipv4": "",
                            "id": "tf-vpc",
                            "ipv4_range": "",
                            "name": "tf-vpc",
                            "project": "fervartel-test-project",
                            "routing_mode": "REGIONAL",
                            "self_link": "https://www.googleapis.com/compute/v1/projects/fervartel-test-project/global/networks/tf-vpc"
                        },
                        "meta": {
                            "e2bfb730-ecaa-11e6-8f88-34363bc7c4c0": {
                                "create": 240000000000,
                                "delete": 240000000000,
                                "update": 240000000000
                            }
                        },
                        "tainted": false
                    },
                    "deposed": [],
                    "provider": "provider.google"
                },
                "google_compute_subnetwork.subnet.0": {
                    "type": "google_compute_subnetwork",
                    "depends_on": [
                        "google_compute_network.vpc"
                    ],
                    "primary": {
                        "id": "us-east1/tf-sn-1",
                        "attributes": {
                            "creation_timestamp": "2019-04-23T12:16:33.720-07:00",
                            "description": "",
                            "enable_flow_logs": "false",
                            "fingerprint": "oM2S1wL_pPc=",
                            "gateway_address": "192.168.1.1",
                            "id": "us-east1/tf-sn-1",
                            "ip_cidr_range": "192.168.1.0/26",
                            "name": "tf-sn-1",
                            "network": "https://www.googleapis.com/compute/v1/projects/fervartel-test-project/global/networks/tf-vpc",
                            "private_ip_google_access": "false",
                            "project": "fervartel-test-project",
                            "region": "us-east1",
                            "secondary_ip_range.#": "0",
                            "self_link": "https://www.googleapis.com/compute/v1/projects/fervartel-test-project/regions/us-east1/subnetworks/tf-sn-1"
                        },
                        "meta": {
                            "e2bfb730-ecaa-11e6-8f88-34363bc7c4c0": {
                                "create": 360000000000,
                                "delete": 360000000000,
                                "update": 360000000000
                            }
                        },
                        "tainted": false
                    },
                    "deposed": [],
                    "provider": "provider.google"
                },
                "google_compute_subnetwork.subnet.1": {
                    "type": "google_compute_subnetwork",
                    "depends_on": [
                        "google_compute_network.vpc"
                    ],
                    "primary": {
                        "id": "us-east1/tf-sn-2",
                        "attributes": {
                            "creation_timestamp": "2019-04-23T12:16:33.765-07:00",
                            "description": "",
                            "enable_flow_logs": "false",
                            "fingerprint": "Pg69UDJM0zI=",
                            "gateway_address": "192.168.1.65",
                            "id": "us-east1/tf-sn-2",
                            "ip_cidr_range": "192.168.1.64/26",
                            "name": "tf-sn-2",
                            "network": "https://www.googleapis.com/compute/v1/projects/fervartel-test-project/global/networks/tf-vpc",
                            "private_ip_google_access": "false",
                            "project": "fervartel-test-project",
                            "region": "us-east1",
                            "secondary_ip_range.#": "0",
                            "self_link": "https://www.googleapis.com/compute/v1/projects/fervartel-test-project/regions/us-east1/subnetworks/tf-sn-2"
                        },
                        "meta": {
                            "e2bfb730-ecaa-11e6-8f88-34363bc7c4c0": {
                                "create": 360000000000,
                                "delete": 360000000000,
                                "update": 360000000000
                            }
                        },
                        "tainted": false
                    },
                    "deposed": [],
                    "provider": "provider.google"
                }
            },
            "depends_on": []
        }
    ]
}
